// !$*UTF8*$!
{
	archiveVersion = 1;
	classes = {
	};
	objectVersion = 56;
	objects = {

/* Begin PBXBuildFile section */
		EE73DCAE2C87F34A001642CD /* TextHelper.swift in Sources */ = {isa = PBXBuildFile; fileRef = EE73DCAD2C87F34A001642CD /* TextHelper.swift */; };
		EEA216E82C55E54000AC9654 /* CitySights_AppApp.swift in Sources */ = {isa = PBXBuildFile; fileRef = EEA216E72C55E54000AC9654 /* CitySights_AppApp.swift */; };
		EEA216EA2C55E54000AC9654 /* ContentView.swift in Sources */ = {isa = PBXBuildFile; fileRef = EEA216E92C55E54000AC9654 /* ContentView.swift */; };
		EEA216EC2C55E54100AC9654 /* Assets.xcassets in Resources */ = {isa = PBXBuildFile; fileRef = EEA216EB2C55E54100AC9654 /* Assets.xcassets */; };
		EEA216EF2C55E54100AC9654 /* Preview Assets.xcassets in Resources */ = {isa = PBXBuildFile; fileRef = EEA216EE2C55E54100AC9654 /* Preview Assets.xcassets */; };
		EEC485D52C7563D700C2935E /* DataService.swift in Sources */ = {isa = PBXBuildFile; fileRef = EEC485D42C7563D700C2935E /* DataService.swift */; };
		EEC485D82C78148F00C2935E /* BusinessSearch.swift in Sources */ = {isa = PBXBuildFile; fileRef = EEC485D72C78148F00C2935E /* BusinessSearch.swift */; };
		EEC485DA2C7814B500C2935E /* Business.swift in Sources */ = {isa = PBXBuildFile; fileRef = EEC485D92C7814B500C2935E /* Business.swift */; };
/* End PBXBuildFile section */

/* Begin PBXFileReference section */
		EE73DCAD2C87F34A001642CD /* TextHelper.swift */ = {isa = PBXFileReference; lastKnownFileType = sourcecode.swift; path = TextHelper.swift; sourceTree = "<group>"; };
		EEA216E42C55E54000AC9654 /* CitySights App.app */ = {isa = PBXFileReference; explicitFileType = wrapper.application; includeInIndex = 0; path = "CitySights App.app"; sourceTree = BUILT_PRODUCTS_DIR; };
		EEA216E72C55E54000AC9654 /* CitySights_AppApp.swift */ = {isa = PBXFileReference; lastKnownFileType = sourcecode.swift; path = CitySights_AppApp.swift; sourceTree = "<group>"; };
		EEA216E92C55E54000AC9654 /* ContentView.swift */ = {isa = PBXFileReference; lastKnownFileType = sourcecode.swift; path = ContentView.swift; sourceTree = "<group>"; };
		EEA216EB2C55E54100AC9654 /* Assets.xcassets */ = {isa = PBXFileReference; lastKnownFileType = folder.assetcatalog; path = Assets.xcassets; sourceTree = "<group>"; };
		EEA216EE2C55E54100AC9654 /* Preview Assets.xcassets */ = {isa = PBXFileReference; lastKnownFileType = folder.assetcatalog; path = "Preview Assets.xcassets"; sourceTree = "<group>"; };
		EEC485D22C74248C00C2935E /* Config.xcconfig */ = {isa = PBXFileReference; lastKnownFileType = text.xcconfig; path = Config.xcconfig; sourceTree = "<group>"; };
		EEC485D32C74254900C2935E /* CitySights-App-Info.plist */ = {isa = PBXFileReference; lastKnownFileType = text.plist; path = "CitySights-App-Info.plist"; sourceTree = SOURCE_ROOT; };
		EEC485D42C7563D700C2935E /* DataService.swift */ = {isa = PBXFileReference; lastKnownFileType = sourcecode.swift; path = DataService.swift; sourceTree = "<group>"; };
		EEC485D72C78148F00C2935E /* BusinessSearch.swift */ = {isa = PBXFileReference; lastKnownFileType = sourcecode.swift; path = BusinessSearch.swift; sourceTree = "<group>"; };
		EEC485D92C7814B500C2935E /* Business.swift */ = {isa = PBXFileReference; lastKnownFileType = sourcecode.swift; path = Business.swift; sourceTree = "<group>"; };
/* End PBXFileReference section */

/* Begin PBXFrameworksBuildPhase section */
		EEA216E12C55E54000AC9654 /* Frameworks */ = {
			isa = PBXFrameworksBuildPhase;
			buildActionMask = 2147483647;
			files = (
			);
			runOnlyForDeploymentPostprocessing = 0;
		};
/* End PBXFrameworksBuildPhase section */

/* Begin PBXGroup section */
		EE73DCAC2C87F339001642CD /* Helpers */ = {
			isa = PBXGroup;
			children = (
				EE73DCAD2C87F34A001642CD /* TextHelper.swift */,
			);
			path = Helpers;
			sourceTree = "<group>";
		};
		EEA216DB2C55E54000AC9654 = {
			isa = PBXGroup;
			children = (
				EEA216E62C55E54000AC9654 /* CitySights App */,
				EEA216E52C55E54000AC9654 /* Products */,
			);
			sourceTree = "<group>";
		};
		EEA216E52C55E54000AC9654 /* Products */ = {
			isa = PBXGroup;
			children = (
				EEA216E42C55E54000AC9654 /* CitySights App.app */,
			);
			name = Products;
			sourceTree = "<group>";
		};
		EEA216E62C55E54000AC9654 /* CitySights App */ = {
			isa = PBXGroup;
			children = (
				EE73DCAC2C87F339001642CD /* Helpers */,
				EEC485D62C78148000C2935E /* Model */,
				EEC485D32C74254900C2935E /* CitySights-App-Info.plist */,
				EEA216E72C55E54000AC9654 /* CitySights_AppApp.swift */,
				EEA216E92C55E54000AC9654 /* ContentView.swift */,
				EEC485D42C7563D700C2935E /* DataService.swift */,
				EEC485D22C74248C00C2935E /* Config.xcconfig */,
				EEA216EB2C55E54100AC9654 /* Assets.xcassets */,
				EEA216ED2C55E54100AC9654 /* Preview Content */,
			);
			path = "CitySights App";
			sourceTree = "<group>";
		};
		EEA216ED2C55E54100AC9654 /* Preview Content */ = {
			isa = PBXGroup;
			children = (
				EEA216EE2C55E54100AC9654 /* Preview Assets.xcassets */,
			);
			path = "Preview Content";
			sourceTree = "<group>";
		};
		EEC485D62C78148000C2935E /* Model */ = {
			isa = PBXGroup;
			children = (
				EEC485D72C78148F00C2935E /* BusinessSearch.swift */,
				EEC485D92C7814B500C2935E /* Business.swift */,
			);
			path = Model;
			sourceTree = "<group>";
		};
/* End PBXGroup section */

/* Begin PBXNativeTarget section */
		EEA216E32C55E54000AC9654 /* CitySights App */ = {
			isa = PBXNativeTarget;
			buildConfigurationList = EEA216F22C55E54100AC9654 /* Build configuration list for PBXNativeTarget "CitySights App" */;
			buildPhases = (
				EEA216E02C55E54000AC9654 /* Sources */,
				EEA216E12C55E54000AC9654 /* Frameworks */,
				EEA216E22C55E54000AC9654 /* Resources */,
			);
			buildRules = (
			);
			dependencies = (
			);
			name = "CitySights App";
			productName = "CitySights App";
			productReference = EEA216E42C55E54000AC9654 /* CitySights App.app */;
			productType = "com.apple.product-type.application";
		};
/* End PBXNativeTarget section */

/* Begin PBXProject section */
		EEA216DC2C55E54000AC9654 /* Project object */ = {
			isa = PBXProject;
			attributes = {
				BuildIndependentTargetsInParallel = 1;
				LastSwiftUpdateCheck = 1540;
				LastUpgradeCheck = 1540;
				TargetAttributes = {
					EEA216E32C55E54000AC9654 = {
						CreatedOnToolsVersion = 15.4;
					};
				};
			};
			buildConfigurationList = EEA216DF2C55E54000AC9654 /* Build configuration list for PBXProject "CitySights App" */;
			compatibilityVersion = "Xcode 14.0";
			developmentRegion = en;
			hasScannedForEncodings = 0;
			knownRegions = (
				en,
				Base,
			);
			mainGroup = EEA216DB2C55E54000AC9654;
			productRefGroup = EEA216E52C55E54000AC9654 /* Products */;
			projectDirPath = "";
			projectRoot = "";
			targets = (
				EEA216E32C55E54000AC9654 /* CitySights App */,
			);
		};
/* End PBXProject section */

/* Begin PBXResourcesBuildPhase section */
		EEA216E22C55E54000AC9654 /* Resources */ = {
			isa = PBXResourcesBuildPhase;
			buildActionMask = 2147483647;
			files = (
				EEA216EF2C55E54100AC9654 /* Preview Assets.xcassets in Resources */,
				EEA216EC2C55E54100AC9654 /* Assets.xcassets in Resources */,
			);
			runOnlyForDeploymentPostprocessing = 0;
		};
/* End PBXResourcesBuildPhase section */

/* Begin PBXSourcesBuildPhase section */
		EEA216E02C55E54000AC9654 /* Sources */ = {
			isa = PBXSourcesBuildPhase;
			buildActionMask = 2147483647;
			files = (
				EEC485D52C7563D700C2935E /* DataService.swift in Sources */,
				EEC485D82C78148F00C2935E /* BusinessSearch.swift in Sources */,
				EEA216EA2C55E54000AC9654 /* ContentView.swift in Sources */,
				EEC485DA2C7814B500C2935E /* Business.swift in Sources */,
				EE73DCAE2C87F34A001642CD /* TextHelper.swift in Sources */,
				EEA216E82C55E54000AC9654 /* CitySights_AppApp.swift in Sources */,
			);
			runOnlyForDeploymentPostprocessing = 0;
		};
/* End PBXSourcesBuildPhase section */

/* Begin XCBuildConfiguration section */
		EEA216F02C55E54100AC9654 /* Debug */ = {
			isa = XCBuildConfiguration;
			baseConfigurationReference = EEC485D22C74248C00C2935E /* Config.xcconfig */;
			buildSettings = {
				ALWAYS_SEARCH_USER_PATHS = NO;
				ASSETCATALOG_COMPILER_GENERATE_SWIFT_ASSET_SYMBOL_EXTENSIONS = YES;
				CLANG_ANALYZER_NONNULL = YES;
				CLANG_ANALYZER_NUMBER_OBJECT_CONVERSION = YES_AGGRESSIVE;
				CLANG_CXX_LANGUAGE_STANDARD = "gnu++20";
				CLANG_ENABLE_MODULES = YES;
				CLANG_ENABLE_OBJC_ARC = YES;
				CLANG_ENABLE_OBJC_WEAK = YES;
				CLANG_WARN_BLOCK_CAPTURE_AUTORELEASING = YES;
				CLANG_WARN_BOOL_CONVERSION = YES;
				CLANG_WARN_COMMA = YES;
				CLANG_WARN_CONSTANT_CONVERSION = YES;
				CLANG_WARN_DEPRECATED_OBJC_IMPLEMENTATIONS = YES;
				CLANG_WARN_DIRECT_OBJC_ISA_USAGE = YES_ERROR;
				CLANG_WARN_DOCUMENTATION_COMMENTS = YES;
				CLANG_WARN_EMPTY_BODY = YES;
				CLANG_WARN_ENUM_CONVERSION = YES;
				CLANG_WARN_INFINITE_RECURSION = YES;
				CLANG_WARN_INT_CONVERSION = YES;
				CLANG_WARN_NON_LITERAL_NULL_CONVERSION = YES;
				CLANG_WARN_OBJC_IMPLICIT_RETAIN_SELF = YES;
				CLANG_WARN_OBJC_LITERAL_CONVERSION = YES;
				CLANG_WARN_OBJC_ROOT_CLASS = YES_ERROR;
				CLANG_WARN_QUOTED_INCLUDE_IN_FRAMEWORK_HEADER = YES;
				CLANG_WARN_RANGE_LOOP_ANALYSIS = YES;
				CLANG_WARN_STRICT_PROTOTYPES = YES;
				CLANG_WARN_SUSPICIOUS_MOVE = YES;
				CLANG_WARN_UNGUARDED_AVAILABILITY = YES_AGGRESSIVE;
				CLANG_WARN_UNREACHABLE_CODE = YES;
				CLANG_WARN__DUPLICATE_METHOD_MATCH = YES;
				COPY_PHASE_STRIP = NO;
				DEBUG_INFORMATION_FORMAT = dwarf;
				ENABLE_STRICT_OBJC_MSGSEND = YES;
				ENABLE_TESTABILITY = YES;
				ENABLE_USER_SCRIPT_SANDBOXING = YES;
				GCC_C_LANGUAGE_STANDARD = gnu17;
				GCC_DYNAMIC_NO_PIC = NO;
				GCC_NO_COMMON_BLOCKS = YES;
				GCC_OPTIMIZATION_LEVEL = 0;
				GCC_PREPROCESSOR_DEFINITIONS = (
					"DEBUG=1",
					"$(inherited)",
				);
				GCC_WARN_64_TO_32_BIT_CONVERSION = YES;
				GCC_WARN_ABOUT_RETURN_TYPE = YES_ERROR;
				GCC_WARN_UNDECLARED_SELECTOR = YES;
				GCC_WARN_UNINITIALIZED_AUTOS = YES_AGGRESSIVE;
				GCC_WARN_UNUSED_FUNCTION = YES;
				GCC_WARN_UNUSED_VARIABLE = YES;
				IPHONEOS_DEPLOYMENT_TARGET = 17.5;
				LOCALIZATION_PREFERS_STRING_CATALOGS = YES;
				MTL_ENABLE_DEBUG_INFO = INCLUDE_SOURCE;
				MTL_FAST_MATH = YES;
				ONLY_ACTIVE_ARCH = YES;
				SDKROOT = iphoneos;
				SWIFT_ACTIVE_COMPILATION_CONDITIONS = "DEBUG $(inherited)";
				SWIFT_OPTIMIZATION_LEVEL = "-Onone";
			};
			name = Debug;
		};
		EEA216F12C55E54100AC9654 /* Release */ = {
			isa = XCBuildConfiguration;
			baseConfigurationReference = EEC485D22C74248C00C2935E /* Config.xcconfig */;
			buildSettings = {
				ALWAYS_SEARCH_USER_PATHS = NO;
				ASSETCATALOG_COMPILER_GENERATE_SWIFT_ASSET_SYMBOL_EXTENSIONS = YES;
				CLANG_ANALYZER_NONNULL = YES;
				CLANG_ANALYZER_NUMBER_OBJECT_CONVERSION = YES_AGGRESSIVE;
				CLANG_CXX_LANGUAGE_STANDARD = "gnu++20";
				CLANG_ENABLE_MODULES = YES;
				CLANG_ENABLE_OBJC_ARC = YES;
				CLANG_ENABLE_OBJC_WEAK = YES;
				CLANG_WARN_BLOCK_CAPTURE_AUTORELEASING = YES;
				CLANG_WARN_BOOL_CONVERSION = YES;
				CLANG_WARN_COMMA = YES;
				CLANG_WARN_CONSTANT_CONVERSION = YES;
				CLANG_WARN_DEPRECATED_OBJC_IMPLEMENTATIONS = YES;
				CLANG_WARN_DIRECT_OBJC_ISA_USAGE = YES_ERROR;
				CLANG_WARN_DOCUMENTATION_COMMENTS = YES;
				CLANG_WARN_EMPTY_BODY = YES;
				CLANG_WARN_ENUM_CONVERSION = YES;
				CLANG_WARN_INFINITE_RECURSION = YES;
				CLANG_WARN_INT_CONVERSION = YES;
				CLANG_WARN_NON_LITERAL_NULL_CONVERSION = YES;
				CLANG_WARN_OBJC_IMPLICIT_RETAIN_SELF = YES;
				CLANG_WARN_OBJC_LITERAL_CONVERSION = YES;
				CLANG_WARN_OBJC_ROOT_CLASS = YES_ERROR;
				CLANG_WARN_QUOTED_INCLUDE_IN_FRAMEWORK_HEADER = YES;
				CLANG_WARN_RANGE_LOOP_ANALYSIS = YES;
				CLANG_WARN_STRICT_PROTOTYPES = YES;
				CLANG_WARN_SUSPICIOUS_MOVE = YES;
				CLANG_WARN_UNGUARDED_AVAILABILITY = YES_AGGRESSIVE;
				CLANG_WARN_UNREACHABLE_CODE = YES;
				CLANG_WARN__DUPLICATE_METHOD_MATCH = YES;
				COPY_PHASE_STRIP = NO;
				DEBUG_INFORMATION_FORMAT = "dwarf-with-dsym";
				ENABLE_NS_ASSERTIONS = NO;
				ENABLE_STRICT_OBJC_MSGSEND = YES;
				ENABLE_USER_SCRIPT_SANDBOXING = YES;
				GCC_C_LANGUAGE_STANDARD = gnu17;
				GCC_NO_COMMON_BLOCKS = YES;
				GCC_WARN_64_TO_32_BIT_CONVERSION = YES;
				GCC_WARN_ABOUT_RETURN_TYPE = YES_ERROR;
				GCC_WARN_UNDECLARED_SELECTOR = YES;
				GCC_WARN_UNINITIALIZED_AUTOS = YES_AGGRESSIVE;
				GCC_WARN_UNUSED_FUNCTION = YES;
				GCC_WARN_UNUSED_VARIABLE = YES;
				IPHONEOS_DEPLOYMENT_TARGET = 17.5;
				LOCALIZATION_PREFERS_STRING_CATALOGS = YES;
				MTL_ENABLE_DEBUG_INFO = NO;
				MTL_FAST_MATH = YES;
				SDKROOT = iphoneos;
				SWIFT_COMPILATION_MODE = wholemodule;
				VALIDATE_PRODUCT = YES;
			};
			name = Release;
		};
		EEA216F32C55E54100AC9654 /* Debug */ = {
			isa = XCBuildConfiguration;
			buildSettings = {
				ASSETCATALOG_COMPILER_APPICON_NAME = AppIcon;
				ASSETCATALOG_COMPILER_GLOBAL_ACCENT_COLOR_NAME = AccentColor;
				CODE_SIGN_STYLE = Automatic;
				CURRENT_PROJECT_VERSION = 1;
				DEVELOPMENT_ASSET_PATHS = "\"CitySights App/Preview Content\"";
				DEVELOPMENT_TEAM = 229628332D;
				ENABLE_PREVIEWS = YES;
				GENERATE_INFOPLIST_FILE = YES;
				INFOPLIST_FILE = "CitySights-App-Info.plist";
				INFOPLIST_KEY_UIApplicationSceneManifest_Generation = YES;
				INFOPLIST_KEY_UIApplicationSupportsIndirectInputEvents = YES;
				INFOPLIST_KEY_UILaunchScreen_Generation = YES;
				INFOPLIST_KEY_UISupportedInterfaceOrientations_iPad = "UIInterfaceOrientationPortrait UIInterfaceOrientationPortraitUpsideDown UIInterfaceOrientationLandscapeLeft UIInterfaceOrientationLandscapeRight";
				INFOPLIST_KEY_UISupportedInterfaceOrientations_iPhone = "UIInterfaceOrientationPortrait UIInterfaceOrientationLandscapeLeft UIInterfaceOrientationLandscapeRight";
				LD_RUNPATH_SEARCH_PATHS = (
					"$(inherited)",
					"@executable_path/Frameworks",
				);
				MARKETING_VERSION = 1.0;
				PRODUCT_BUNDLE_IDENTIFIER = "Colby.CitySights-App";
				PRODUCT_NAME = "$(TARGET_NAME)";
				SWIFT_EMIT_LOC_STRINGS = YES;
				SWIFT_VERSION = 5.0;
				TARGETED_DEVICE_FAMILY = "1,2";
			};
			name = Debug;
		};
		EEA216F42C55E54100AC9654 /* Release */ = {
			isa = XCBuildConfiguration;
			buildSettings = {
				ASSETCATALOG_COMPILER_APPICON_NAME = AppIcon;
				ASSETCATALOG_COMPILER_GLOBAL_ACCENT_COLOR_NAME = AccentColor;
				CODE_SIGN_STYLE = Automatic;
				CURRENT_PROJECT_VERSION = 1;
				DEVELOPMENT_ASSET_PATHS = "\"CitySights App/Preview Content\"";
				DEVELOPMENT_TEAM = 229628332D;
				ENABLE_PREVIEWS = YES;
				GENERATE_INFOPLIST_FILE = YES;
				INFOPLIST_FILE = "CitySights-App-Info.plist";
				INFOPLIST_KEY_UIApplicationSceneManifest_Generation = YES;
				INFOPLIST_KEY_UIApplicationSupportsIndirectInputEvents = YES;
				INFOPLIST_KEY_UILaunchScreen_Generation = YES;
				INFOPLIST_KEY_UISupportedInterfaceOrientations_iPad = "UIInterfaceOrientationPortrait UIInterfaceOrientationPortraitUpsideDown UIInterfaceOrientationLandscapeLeft UIInterfaceOrientationLandscapeRight";
				INFOPLIST_KEY_UISupportedInterfaceOrientations_iPhone = "UIInterfaceOrientationPortrait UIInterfaceOrientationLandscapeLeft UIInterfaceOrientationLandscapeRight";
				LD_RUNPATH_SEARCH_PATHS = (
					"$(inherited)",
					"@executable_path/Frameworks",
				);
				MARKETING_VERSION = 1.0;
				PRODUCT_BUNDLE_IDENTIFIER = "Colby.CitySights-App";
				PRODUCT_NAME = "$(TARGET_NAME)";
				SWIFT_EMIT_LOC_STRINGS = YES;
				SWIFT_VERSION = 5.0;
				TARGETED_DEVICE_FAMILY = "1,2";
			};
			name = Release;
		};
/* End XCBuildConfiguration section */

/* Begin XCConfigurationList section */
		EEA216DF2C55E54000AC9654 /* Build configuration list for PBXProject "CitySights App" */ = {
			isa = XCConfigurationList;
			buildConfigurations = (
				EEA216F02C55E54100AC9654 /* Debug */,
				EEA216F12C55E54100AC9654 /* Release */,
			);
			defaultConfigurationIsVisible = 0;
			defaultConfigurationName = Release;
		};
		EEA216F22C55E54100AC9654 /* Build configuration list for PBXNativeTarget "CitySights App" */ = {
			isa = XCConfigurationList;
			buildConfigurations = (
				EEA216F32C55E54100AC9654 /* Debug */,
				EEA216F42C55E54100AC9654 /* Release */,
			);
			defaultConfigurationIsVisible = 0;
			defaultConfigurationName = Release;
		};
/* End XCConfigurationList section */
	};
	rootObject = EEA216DC2C55E54000AC9654 /* Project object */;
}
